
Microsoft Visual Studio Solution File, Format Version 12.00
# Visual Studio Version 17
VisualStudioVersion = 17.3.32929.385
MinimumVisualStudioVersion = 10.0.40219.1
Project("{9A19103F-16F7-4668-BE54-9A1E7A4F7556}") = "AreaCalculationLibrary", "AreaCalculationLibrary\AreaCalculationLibrary.csproj", "{4E4F77ED-4A2B-4478-885D-C38F70C10DAC}"
EndProject
Project("{9A19103F-16F7-4668-BE54-9A1E7A4F7556}") = "AreaCalculationLibraryTests", "AreaCalculationLibraryTests\AreaCalculationLibraryTests.csproj", "{D890DB73-9162-4417-B82C-47090CC103E0}"
EndProject
Global
	GlobalSection(SolutionConfigurationPlatforms) = preSolution
		Debug|Any CPU = Debug|Any CPU
		Release|Any CPU = Release|Any CPU
	EndGlobalSection
	GlobalSection(ProjectConfigurationPlatforms) = postSolution
		{4E4F77ED-4A2B-4478-885D-C38F70C10DAC}.Debug|Any CPU.ActiveCfg = Debug|Any CPU
		{4E4F77ED-4A2B-4478-885D-C38F70C10DAC}.Debug|Any CPU.Build.0 = Debug|Any CPU
		{4E4F77ED-4A2B-4478-885D-C38F70C10DAC}.Release|Any CPU.ActiveCfg = Release|Any CPU
		{4E4F77ED-4A2B-4478-885D-C38F70C10DAC}.Release|Any CPU.Build.0 = Release|Any CPU
		{D890DB73-9162-4417-B82C-47090CC103E0}.Debug|Any CPU.ActiveCfg = Debug|Any CPU
		{D890DB73-9162-4417-B82C-47090CC103E0}.Debug|Any CPU.Build.0 = Debug|Any CPU
		{D890DB73-9162-4417-B82C-47090CC103E0}.Release|Any CPU.ActiveCfg = Release|Any CPU
		{D890DB73-9162-4417-B82C-47090CC103E0}.Release|Any CPU.Build.0 = Release|Any CPU
	EndGlobalSection
	GlobalSection(SolutionProperties) = preSolution
		HideSolutionNode = FALSE
	EndGlobalSection
	GlobalSection(ExtensibilityGlobals) = postSolution
		SolutionGuid = {EAD30FD1-E775-46D9-8CEF-DF60AC4141EE}
	EndGlobalSection
EndGlobal
